
Microsoft Visual Studio Solution File, Format Version 12.00
# Visual Studio Version 17
VisualStudioVersion = 17.14.36811.4
MinimumVisualStudioVersion = 10.0.40219.1
Project("{FAE04EC0-301F-11D3-BF4B-00C04F79EFBC}") = "Frends.HIT.PigelloSIERaindance", "Frends.HIT.PigelloSIERaindance\Frends.HIT.PigelloSIERaindance.csproj", "{68251D32-2A29-C63A-026D-B2469658121E}"
EndProject
Global
	GlobalSection(SolutionConfigurationPlatforms) = preSolution
		Debug|Any CPU = Debug|Any CPU
		Release|Any CPU = Release|Any CPU
	EndGlobalSection
	GlobalSection(ProjectConfigurationPlatforms) = postSolution
		{68251D32-2A29-C63A-026D-B2469658121E}.Debug|Any CPU.ActiveCfg = Debug|Any CPU
		{68251D32-2A29-C63A-026D-B2469658121E}.Debug|Any CPU.Build.0 = Debug|Any CPU
		{68251D32-2A29-C63A-026D-B2469658121E}.Release|Any CPU.ActiveCfg = Release|Any CPU
		{68251D32-2A29-C63A-026D-B2469658121E}.Release|Any CPU.Build.0 = Release|Any CPU
	EndGlobalSection
	GlobalSection(SolutionProperties) = preSolution
		HideSolutionNode = FALSE
	EndGlobalSection
	GlobalSection(ExtensibilityGlobals) = postSolution
		SolutionGuid = {17C0ED5F-E9FF-4029-B473-5167AAE21D1A}
	EndGlobalSection
EndGlobal
